
Microsoft Visual Studio Solution File, Format Version 12.00
# Visual Studio 15
VisualStudioVersion = 15.0.27428.2011
MinimumVisualStudioVersion = 10.0.40219.1
Project("{FAE04EC0-301F-11D3-BF4B-00C04F79EFBC}") = "Rozgrzewka", "Rozgrzewka\Rozgrzewka.csproj", "{F227E52C-8D63-404E-AC8B-0F12BEF5BDFC}"
EndProject
Project("{FAE04EC0-301F-11D3-BF4B-00C04F79EFBC}") = "Zadania1", "Zadania1\Zadania1.csproj", "{8161E950-6B88-45D9-842C-7C3CFF7A7897}"
EndProject
Project("{FAE04EC0-301F-11D3-BF4B-00C04F79EFBC}") = "Zadania1Tests", "Zadania1Tests\Zadania1Tests.csproj", "{8BFE4312-67A1-45FD-B14C-EAEBACBEB87F}"
EndProject
Global
	GlobalSection(SolutionConfigurationPlatforms) = preSolution
		Debug|Any CPU = Debug|Any CPU
		Release|Any CPU = Release|Any CPU
	EndGlobalSection
	GlobalSection(ProjectConfigurationPlatforms) = postSolution
		{F227E52C-8D63-404E-AC8B-0F12BEF5BDFC}.Debug|Any CPU.ActiveCfg = Debug|Any CPU
		{F227E52C-8D63-404E-AC8B-0F12BEF5BDFC}.Debug|Any CPU.Build.0 = Debug|Any CPU
		{F227E52C-8D63-404E-AC8B-0F12BEF5BDFC}.Release|Any CPU.ActiveCfg = Release|Any CPU
		{F227E52C-8D63-404E-AC8B-0F12BEF5BDFC}.Release|Any CPU.Build.0 = Release|Any CPU
		{8161E950-6B88-45D9-842C-7C3CFF7A7897}.Debug|Any CPU.ActiveCfg = Debug|Any CPU
		{8161E950-6B88-45D9-842C-7C3CFF7A7897}.Debug|Any CPU.Build.0 = Debug|Any CPU
		{8161E950-6B88-45D9-842C-7C3CFF7A7897}.Release|Any CPU.ActiveCfg = Release|Any CPU
		{8161E950-6B88-45D9-842C-7C3CFF7A7897}.Release|Any CPU.Build.0 = Release|Any CPU
		{8BFE4312-67A1-45FD-B14C-EAEBACBEB87F}.Debug|Any CPU.ActiveCfg = Debug|Any CPU
		{8BFE4312-67A1-45FD-B14C-EAEBACBEB87F}.Debug|Any CPU.Build.0 = Debug|Any CPU
		{8BFE4312-67A1-45FD-B14C-EAEBACBEB87F}.Release|Any CPU.ActiveCfg = Release|Any CPU
		{8BFE4312-67A1-45FD-B14C-EAEBACBEB87F}.Release|Any CPU.Build.0 = Release|Any CPU
	EndGlobalSection
	GlobalSection(SolutionProperties) = preSolution
		HideSolutionNode = FALSE
	EndGlobalSection
	GlobalSection(ExtensibilityGlobals) = postSolution
		SolutionGuid = {8032D799-1860-481B-9E80-1660491BF959}
	EndGlobalSection
EndGlobal
