
Microsoft Visual Studio Solution File, Format Version 12.00
# Visual Studio 15
VisualStudioVersion = 15.0.27428.2011
MinimumVisualStudioVersion = 10.0.40219.1
Project("{FAE04EC0-301F-11D3-BF4B-00C04F79EFBC}") = "Bank", "Bank\Bank.csproj", "{A853726D-FD1E-44E7-8ED6-0505F6BCA700}"
EndProject
Project("{FAE04EC0-301F-11D3-BF4B-00C04F79EFBC}") = "Models", "Models\Models.csproj", "{70E9A18D-FBA0-4C16-B381-F9F32A50AF96}"
EndProject
Global
	GlobalSection(SolutionConfigurationPlatforms) = preSolution
		Debug|Any CPU = Debug|Any CPU
		Release|Any CPU = Release|Any CPU
	EndGlobalSection
	GlobalSection(ProjectConfigurationPlatforms) = postSolution
		{A853726D-FD1E-44E7-8ED6-0505F6BCA700}.Debug|Any CPU.ActiveCfg = Debug|Any CPU
		{A853726D-FD1E-44E7-8ED6-0505F6BCA700}.Debug|Any CPU.Build.0 = Debug|Any CPU
		{A853726D-FD1E-44E7-8ED6-0505F6BCA700}.Release|Any CPU.ActiveCfg = Release|Any CPU
		{A853726D-FD1E-44E7-8ED6-0505F6BCA700}.Release|Any CPU.Build.0 = Release|Any CPU
		{70E9A18D-FBA0-4C16-B381-F9F32A50AF96}.Debug|Any CPU.ActiveCfg = Debug|Any CPU
		{70E9A18D-FBA0-4C16-B381-F9F32A50AF96}.Debug|Any CPU.Build.0 = Debug|Any CPU
		{70E9A18D-FBA0-4C16-B381-F9F32A50AF96}.Release|Any CPU.ActiveCfg = Release|Any CPU
		{70E9A18D-FBA0-4C16-B381-F9F32A50AF96}.Release|Any CPU.Build.0 = Release|Any CPU
	EndGlobalSection
	GlobalSection(SolutionProperties) = preSolution
		HideSolutionNode = FALSE
	EndGlobalSection
	GlobalSection(ExtensibilityGlobals) = postSolution
		SolutionGuid = {48D69B4D-D93F-42E9-B281-FDC4DAC08CB7}
	EndGlobalSection
EndGlobal
