
Microsoft Visual Studio Solution File, Format Version 12.00
# Visual Studio 15
VisualStudioVersion = 15.0.27428.2011
MinimumVisualStudioVersion = 10.0.40219.1
Project("{FAE04EC0-301F-11D3-BF4B-00C04F79EFBC}") = "WebAPI", "WebAPI\WebAPI.csproj", "{8305BC59-E212-43E3-BFC8-4DED3EED3C9F}"
EndProject
Project("{FAE04EC0-301F-11D3-BF4B-00C04F79EFBC}") = "Models", "..\..\Zadania_WebAPI\WebAPI\Models\Models.csproj", "{33098D6F-2B90-4AE4-B864-E76793606BF1}"
EndProject
Global
	GlobalSection(SolutionConfigurationPlatforms) = preSolution
		Debug|Any CPU = Debug|Any CPU
		Release|Any CPU = Release|Any CPU
	EndGlobalSection
	GlobalSection(ProjectConfigurationPlatforms) = postSolution
		{8305BC59-E212-43E3-BFC8-4DED3EED3C9F}.Debug|Any CPU.ActiveCfg = Debug|Any CPU
		{8305BC59-E212-43E3-BFC8-4DED3EED3C9F}.Debug|Any CPU.Build.0 = Debug|Any CPU
		{8305BC59-E212-43E3-BFC8-4DED3EED3C9F}.Release|Any CPU.ActiveCfg = Release|Any CPU
		{8305BC59-E212-43E3-BFC8-4DED3EED3C9F}.Release|Any CPU.Build.0 = Release|Any CPU
		{33098D6F-2B90-4AE4-B864-E76793606BF1}.Debug|Any CPU.ActiveCfg = Debug|Any CPU
		{33098D6F-2B90-4AE4-B864-E76793606BF1}.Debug|Any CPU.Build.0 = Debug|Any CPU
		{33098D6F-2B90-4AE4-B864-E76793606BF1}.Release|Any CPU.ActiveCfg = Release|Any CPU
		{33098D6F-2B90-4AE4-B864-E76793606BF1}.Release|Any CPU.Build.0 = Release|Any CPU
	EndGlobalSection
	GlobalSection(SolutionProperties) = preSolution
		HideSolutionNode = FALSE
	EndGlobalSection
	GlobalSection(ExtensibilityGlobals) = postSolution
		SolutionGuid = {C8D39695-1B91-4B5D-9F03-F20EF161F7E6}
	EndGlobalSection
EndGlobal
